
Microsoft Visual Studio Solution File, Format Version 12.00
# Visual Studio Version 17
VisualStudioVersion = 17.1.32228.430
MinimumVisualStudioVersion = 10.0.40219.1
Project("{9A19103F-16F7-4668-BE54-9A1E7A4F7556}") = "ConsoleAppP11C1", "ConsoleAppP11C1\ConsoleAppP11C1.csproj", "{69895146-0FA7-4DFA-BA84-D91D00F7E879}"
EndProject
Project("{9A19103F-16F7-4668-BE54-9A1E7A4F7556}") = "Ejercicio1", "Ejercicio1\Ejercicio1.csproj", "{FB9BADC1-66A2-4622-B1FD-19A797EDC1C9}"
EndProject
Project("{FAE04EC0-301F-11D3-BF4B-00C04F79EFBC}") = "Ejercicio Personal Empresa", "Ejercicio Personal Empresa\Ejercicio Personal Empresa.csproj", "{ED6E8F2B-AA80-4086-9786-13365C7E2B6F}"
EndProject
Global
	GlobalSection(SolutionConfigurationPlatforms) = preSolution
		Debug|Any CPU = Debug|Any CPU
		Release|Any CPU = Release|Any CPU
	EndGlobalSection
	GlobalSection(ProjectConfigurationPlatforms) = postSolution
		{69895146-0FA7-4DFA-BA84-D91D00F7E879}.Debug|Any CPU.ActiveCfg = Debug|Any CPU
		{69895146-0FA7-4DFA-BA84-D91D00F7E879}.Debug|Any CPU.Build.0 = Debug|Any CPU
		{69895146-0FA7-4DFA-BA84-D91D00F7E879}.Release|Any CPU.ActiveCfg = Release|Any CPU
		{69895146-0FA7-4DFA-BA84-D91D00F7E879}.Release|Any CPU.Build.0 = Release|Any CPU
		{FB9BADC1-66A2-4622-B1FD-19A797EDC1C9}.Debug|Any CPU.ActiveCfg = Debug|Any CPU
		{FB9BADC1-66A2-4622-B1FD-19A797EDC1C9}.Debug|Any CPU.Build.0 = Debug|Any CPU
		{FB9BADC1-66A2-4622-B1FD-19A797EDC1C9}.Release|Any CPU.ActiveCfg = Release|Any CPU
		{FB9BADC1-66A2-4622-B1FD-19A797EDC1C9}.Release|Any CPU.Build.0 = Release|Any CPU
		{ED6E8F2B-AA80-4086-9786-13365C7E2B6F}.Debug|Any CPU.ActiveCfg = Debug|Any CPU
		{ED6E8F2B-AA80-4086-9786-13365C7E2B6F}.Debug|Any CPU.Build.0 = Debug|Any CPU
		{ED6E8F2B-AA80-4086-9786-13365C7E2B6F}.Release|Any CPU.ActiveCfg = Release|Any CPU
		{ED6E8F2B-AA80-4086-9786-13365C7E2B6F}.Release|Any CPU.Build.0 = Release|Any CPU
	EndGlobalSection
	GlobalSection(SolutionProperties) = preSolution
		HideSolutionNode = FALSE
	EndGlobalSection
	GlobalSection(ExtensibilityGlobals) = postSolution
		SolutionGuid = {F579A4E1-4E64-4D2A-A7A1-162BABD20CD5}
	EndGlobalSection
EndGlobal
